
Microsoft Visual Studio Solution File, Format Version 12.00
Project("{FAE04EC0-301F-11D3-BF4B-00C04F79EFBC}") = "TomTom.WebFleetConnect", "TomTom.WebFleetConnect\TomTom.WebFleetConnect.csproj", "{41BDA0DF-154D-41E8-B709-170DACD60A8A}"
EndProject
Project("{FAE04EC0-301F-11D3-BF4B-00C04F79EFBC}") = "TomTom.WebFleetConnect.Specs", "TomTom.WebFleetConnect.Specs\TomTom.WebFleetConnect.Specs.csproj", "{313107B5-5964-439A-B5DE-C07E2F8285E9}"
EndProject
Global
	GlobalSection(SolutionConfigurationPlatforms) = preSolution
		Debug|Any CPU = Debug|Any CPU
		Release|Any CPU = Release|Any CPU
	EndGlobalSection
	GlobalSection(ProjectConfigurationPlatforms) = postSolution
		{41BDA0DF-154D-41E8-B709-170DACD60A8A}.Debug|Any CPU.ActiveCfg = Debug|Any CPU
		{41BDA0DF-154D-41E8-B709-170DACD60A8A}.Debug|Any CPU.Build.0 = Debug|Any CPU
		{41BDA0DF-154D-41E8-B709-170DACD60A8A}.Release|Any CPU.ActiveCfg = Release|Any CPU
		{41BDA0DF-154D-41E8-B709-170DACD60A8A}.Release|Any CPU.Build.0 = Release|Any CPU
		{313107B5-5964-439A-B5DE-C07E2F8285E9}.Debug|Any CPU.ActiveCfg = Debug|Any CPU
		{313107B5-5964-439A-B5DE-C07E2F8285E9}.Debug|Any CPU.Build.0 = Debug|Any CPU
		{313107B5-5964-439A-B5DE-C07E2F8285E9}.Release|Any CPU.ActiveCfg = Release|Any CPU
		{313107B5-5964-439A-B5DE-C07E2F8285E9}.Release|Any CPU.Build.0 = Release|Any CPU
	EndGlobalSection
EndGlobal
